{
  "name": "drupal-aineistopankki",
  "lockfileVersion": 2,
  "requires": true,
  "packages": {
    "": {
      "dependencies": {
        "snyk": "^1.961.0"
      }
    },
    "node_modules/snyk": {
      "version": "1.961.0",
      "resolved": "https://registry.npmjs.org/snyk/-/snyk-1.961.0.tgz",
      "integrity": "sha512-yw+CAjr3O7aDIEKkrCDsefaG9Ik/zirXvejzOXxvudWOs8p3odlSHklEWbU0GpdB28flDSZyHOTNJxKYSSIW1Q==",
      "bin": {
        "snyk": "bin/snyk"
      },
      "engines": {
        "node": ">=12"
      }
    }
  },
  "dependencies": {
    "snyk": {
      "version": "1.961.0",
      "resolved": "https://registry.npmjs.org/snyk/-/snyk-1.961.0.tgz",
      "integrity": "sha512-yw+CAjr3O7aDIEKkrCDsefaG9Ik/zirXvejzOXxvudWOs8p3odlSHklEWbU0GpdB28flDSZyHOTNJxKYSSIW1Q=="
    }
  }
}
